
Microsoft Visual Studio Solution File, Format Version 12.00
# Visual Studio Version 16
VisualStudioVersion = 16.0.30503.244
MinimumVisualStudioVersion = 10.0.40219.1
Project("{FAE04EC0-301F-11D3-BF4B-00C04F79EFBC}") = "Marina.Ass1.Data", "Marina.Ass1.Data\Marina.Ass1.Data.csproj", "{F59C7E6C-0A25-496C-B3E8-F452BF86EC92}"
EndProject
Project("{FAE04EC0-301F-11D3-BF4B-00C04F79EFBC}") = "Marina.Ass1.App", "Marina.Ass1.App\Marina.Ass1.App.csproj", "{EF01968D-9904-4AE0-B629-0261B49C2DEC}"
EndProject
Global
	GlobalSection(SolutionConfigurationPlatforms) = preSolution
		Debug|Any CPU = Debug|Any CPU
		Release|Any CPU = Release|Any CPU
	EndGlobalSection
	GlobalSection(ProjectConfigurationPlatforms) = postSolution
		{F59C7E6C-0A25-496C-B3E8-F452BF86EC92}.Debug|Any CPU.ActiveCfg = Debug|Any CPU
		{F59C7E6C-0A25-496C-B3E8-F452BF86EC92}.Debug|Any CPU.Build.0 = Debug|Any CPU
		{F59C7E6C-0A25-496C-B3E8-F452BF86EC92}.Release|Any CPU.ActiveCfg = Release|Any CPU
		{F59C7E6C-0A25-496C-B3E8-F452BF86EC92}.Release|Any CPU.Build.0 = Release|Any CPU
		{EF01968D-9904-4AE0-B629-0261B49C2DEC}.Debug|Any CPU.ActiveCfg = Debug|Any CPU
		{EF01968D-9904-4AE0-B629-0261B49C2DEC}.Debug|Any CPU.Build.0 = Debug|Any CPU
		{EF01968D-9904-4AE0-B629-0261B49C2DEC}.Release|Any CPU.ActiveCfg = Release|Any CPU
		{EF01968D-9904-4AE0-B629-0261B49C2DEC}.Release|Any CPU.Build.0 = Release|Any CPU
	EndGlobalSection
	GlobalSection(SolutionProperties) = preSolution
		HideSolutionNode = FALSE
	EndGlobalSection
	GlobalSection(ExtensibilityGlobals) = postSolution
		SolutionGuid = {AADA8B0D-560E-477E-B010-E04239F678A5}
	EndGlobalSection
EndGlobal
